# This file is automatically @generated by Cargo.
# It is not intended for manual editing.
[[package]]
name = "base64"
version = "0.10.1"
source = "git+https://github.com/mesalock-linux/rust-base64-sgx#30ffdbffdc6f6a793bbc2cd4cf12a46fa2559841"
dependencies = [
 "sgx_tstd 1.1.0 (git+https://github.com/apache/teaclave-sgx-sdk.git?rev=v1.1.0)",
]

[[package]]
name = "cc"
version = "1.0.48"
source = "registry+https://github.com/rust-lang/crates.io-index"

[[package]]
name = "cfg-if"
version = "0.1.10"
source = "registry+https://github.com/rust-lang/crates.io-index"

[[package]]
name = "http_req"
version = "0.5.5"
dependencies = [
 "rustls 0.16.0 (git+https://github.com/mesalock-linux/rustls?branch=mesalock_sgx)",
 "sgx_tstd 1.1.0 (git+https://github.com/apache/teaclave-sgx-sdk.git?rev=v1.1.0)",
 "unicase 2.6.0 (git+https://github.com/mesalock-linux/unicase-sgx)",
 "webpki 0.21.0 (git+https://github.com/mesalock-linux/webpki?branch=mesalock_sgx)",
 "webpki-roots 0.17.0 (git+https://github.com/mesalock-linux/webpki-roots?branch=mesalock_sgx)",
]

[[package]]
name = "log"
version = "0.4.8"
source = "git+https://github.com/mesalock-linux/log-sgx#38386928afe70ad9e67d2c9e3c239fa2ae91fdac"
dependencies = [
 "cfg-if 0.1.10 (registry+https://github.com/rust-lang/crates.io-index)",
 "sgx_tstd 1.1.0 (git+https://github.com/apache/teaclave-sgx-sdk.git?rev=v1.1.0)",
]

[[package]]
name = "ring"
version = "0.16.9"
source = "git+https://github.com/mesalock-linux/ring-sgx?tag=v0.16.5#c3636d410222bbe73794bd968c101574587d5c8f"
dependencies = [
 "cc 1.0.48 (registry+https://github.com/rust-lang/crates.io-index)",
 "sgx_tstd 1.1.0 (git+https://github.com/apache/teaclave-sgx-sdk.git?rev=v1.1.0)",
 "spin 0.5.2 (registry+https://github.com/rust-lang/crates.io-index)",
 "untrusted 0.7.0 (registry+https://github.com/rust-lang/crates.io-index)",
]

[[package]]
name = "rustls"
version = "0.16.0"
source = "git+https://github.com/mesalock-linux/rustls?branch=mesalock_sgx#d9a91f5037f5c85f761279d97b838256285a1314"
dependencies = [
 "base64 0.10.1 (git+https://github.com/mesalock-linux/rust-base64-sgx)",
 "log 0.4.8 (git+https://github.com/mesalock-linux/log-sgx)",
 "ring 0.16.9 (git+https://github.com/mesalock-linux/ring-sgx?tag=v0.16.5)",
 "sct 0.6.0 (git+https://github.com/mesalock-linux/sct.rs?branch=mesalock_sgx)",
 "sgx_tstd 1.1.0 (git+https://github.com/apache/teaclave-sgx-sdk.git?rev=v1.1.0)",
 "webpki 0.21.0 (git+https://github.com/mesalock-linux/webpki?branch=mesalock_sgx)",
]

[[package]]
name = "sct"
version = "0.6.0"
source = "git+https://github.com/mesalock-linux/sct.rs?branch=mesalock_sgx#606162b2e7319e57ac39958eec74db117e373c1c"
dependencies = [
 "ring 0.16.9 (git+https://github.com/mesalock-linux/ring-sgx?tag=v0.16.5)",
 "sgx_tstd 1.1.0 (git+https://github.com/apache/teaclave-sgx-sdk.git?rev=v1.1.0)",
 "untrusted 0.7.0 (registry+https://github.com/rust-lang/crates.io-index)",
]

[[package]]
name = "sgx_alloc"
version = "1.1.0"
source = "git+https://github.com/apache/teaclave-sgx-sdk.git?rev=v1.1.0#93c76de88befbfc1f483ce8336c7ee1f0c7f7563"

[[package]]
name = "sgx_backtrace_sys"
version = "1.1.0"
source = "git+https://github.com/apache/teaclave-sgx-sdk.git?rev=v1.1.0#93c76de88befbfc1f483ce8336c7ee1f0c7f7563"
dependencies = [
 "cc 1.0.48 (registry+https://github.com/rust-lang/crates.io-index)",
 "sgx_build_helper 0.1.0 (git+https://github.com/apache/teaclave-sgx-sdk.git?rev=v1.1.0)",
 "sgx_libc 1.1.0 (git+https://github.com/apache/teaclave-sgx-sdk.git?rev=v1.1.0)",
]

[[package]]
name = "sgx_build_helper"
version = "0.1.0"
source = "git+https://github.com/apache/teaclave-sgx-sdk.git?rev=v1.1.0#93c76de88befbfc1f483ce8336c7ee1f0c7f7563"

[[package]]
name = "sgx_demangle"
version = "1.1.0"
source = "git+https://github.com/apache/teaclave-sgx-sdk.git?rev=v1.1.0#93c76de88befbfc1f483ce8336c7ee1f0c7f7563"

[[package]]
name = "sgx_libc"
version = "1.1.0"
source = "git+https://github.com/apache/teaclave-sgx-sdk.git?rev=v1.1.0#93c76de88befbfc1f483ce8336c7ee1f0c7f7563"
dependencies = [
 "sgx_types 1.1.0 (git+https://github.com/apache/teaclave-sgx-sdk.git?rev=v1.1.0)",
]

[[package]]
name = "sgx_tcrypto"
version = "1.1.0"
source = "git+https://github.com/apache/teaclave-sgx-sdk.git?rev=v1.1.0#93c76de88befbfc1f483ce8336c7ee1f0c7f7563"
dependencies = [
 "sgx_types 1.1.0 (git+https://github.com/apache/teaclave-sgx-sdk.git?rev=v1.1.0)",
]

[[package]]
name = "sgx_tprotected_fs"
version = "1.1.0"
source = "git+https://github.com/apache/teaclave-sgx-sdk.git?rev=v1.1.0#93c76de88befbfc1f483ce8336c7ee1f0c7f7563"
dependencies = [
 "sgx_trts 1.1.0 (git+https://github.com/apache/teaclave-sgx-sdk.git?rev=v1.1.0)",
 "sgx_types 1.1.0 (git+https://github.com/apache/teaclave-sgx-sdk.git?rev=v1.1.0)",
]

[[package]]
name = "sgx_trts"
version = "1.1.0"
source = "git+https://github.com/apache/teaclave-sgx-sdk.git?rev=v1.1.0#93c76de88befbfc1f483ce8336c7ee1f0c7f7563"
dependencies = [
 "sgx_libc 1.1.0 (git+https://github.com/apache/teaclave-sgx-sdk.git?rev=v1.1.0)",
 "sgx_types 1.1.0 (git+https://github.com/apache/teaclave-sgx-sdk.git?rev=v1.1.0)",
]

[[package]]
name = "sgx_tse"
version = "1.1.0"
source = "git+https://github.com/apache/teaclave-sgx-sdk.git?rev=v1.1.0#93c76de88befbfc1f483ce8336c7ee1f0c7f7563"
dependencies = [
 "sgx_types 1.1.0 (git+https://github.com/apache/teaclave-sgx-sdk.git?rev=v1.1.0)",
]

[[package]]
name = "sgx_tseal"
version = "1.1.0"
source = "git+https://github.com/apache/teaclave-sgx-sdk.git?rev=v1.1.0#93c76de88befbfc1f483ce8336c7ee1f0c7f7563"
dependencies = [
 "sgx_tcrypto 1.1.0 (git+https://github.com/apache/teaclave-sgx-sdk.git?rev=v1.1.0)",
 "sgx_trts 1.1.0 (git+https://github.com/apache/teaclave-sgx-sdk.git?rev=v1.1.0)",
 "sgx_tse 1.1.0 (git+https://github.com/apache/teaclave-sgx-sdk.git?rev=v1.1.0)",
 "sgx_types 1.1.0 (git+https://github.com/apache/teaclave-sgx-sdk.git?rev=v1.1.0)",
]

[[package]]
name = "sgx_tstd"
version = "1.1.0"
source = "git+https://github.com/apache/teaclave-sgx-sdk.git?rev=v1.1.0#93c76de88befbfc1f483ce8336c7ee1f0c7f7563"
dependencies = [
 "sgx_alloc 1.1.0 (git+https://github.com/apache/teaclave-sgx-sdk.git?rev=v1.1.0)",
 "sgx_backtrace_sys 1.1.0 (git+https://github.com/apache/teaclave-sgx-sdk.git?rev=v1.1.0)",
 "sgx_demangle 1.1.0 (git+https://github.com/apache/teaclave-sgx-sdk.git?rev=v1.1.0)",
 "sgx_libc 1.1.0 (git+https://github.com/apache/teaclave-sgx-sdk.git?rev=v1.1.0)",
 "sgx_tprotected_fs 1.1.0 (git+https://github.com/apache/teaclave-sgx-sdk.git?rev=v1.1.0)",
 "sgx_trts 1.1.0 (git+https://github.com/apache/teaclave-sgx-sdk.git?rev=v1.1.0)",
 "sgx_tseal 1.1.0 (git+https://github.com/apache/teaclave-sgx-sdk.git?rev=v1.1.0)",
 "sgx_types 1.1.0 (git+https://github.com/apache/teaclave-sgx-sdk.git?rev=v1.1.0)",
 "sgx_unwind 0.1.0 (git+https://github.com/apache/teaclave-sgx-sdk.git?rev=v1.1.0)",
]

[[package]]
name = "sgx_types"
version = "1.1.0"
source = "git+https://github.com/apache/teaclave-sgx-sdk.git?rev=v1.1.0#93c76de88befbfc1f483ce8336c7ee1f0c7f7563"

[[package]]
name = "sgx_unwind"
version = "0.1.0"
source = "git+https://github.com/apache/teaclave-sgx-sdk.git?rev=v1.1.0#93c76de88befbfc1f483ce8336c7ee1f0c7f7563"
dependencies = [
 "sgx_build_helper 0.1.0 (git+https://github.com/apache/teaclave-sgx-sdk.git?rev=v1.1.0)",
]

[[package]]
name = "spin"
version = "0.5.2"
source = "registry+https://github.com/rust-lang/crates.io-index"

[[package]]
name = "unicase"
version = "2.6.0"
source = "git+https://github.com/mesalock-linux/unicase-sgx#4ab5e1dc8a1221d57d706424f4b49e88d6ee0e0a"
dependencies = [
 "sgx_tstd 1.1.0 (git+https://github.com/apache/teaclave-sgx-sdk.git?rev=v1.1.0)",
 "version_check 0.9.1 (registry+https://github.com/rust-lang/crates.io-index)",
]

[[package]]
name = "untrusted"
version = "0.7.0"
source = "registry+https://github.com/rust-lang/crates.io-index"

[[package]]
name = "version_check"
version = "0.9.1"
source = "registry+https://github.com/rust-lang/crates.io-index"

[[package]]
name = "webpki"
version = "0.21.0"
source = "git+https://github.com/mesalock-linux/webpki?branch=mesalock_sgx#f38107555af955e1717ae232e1488ae14db5b4a4"
dependencies = [
 "ring 0.16.9 (git+https://github.com/mesalock-linux/ring-sgx?tag=v0.16.5)",
 "sgx_tstd 1.1.0 (git+https://github.com/apache/teaclave-sgx-sdk.git?rev=v1.1.0)",
 "untrusted 0.7.0 (registry+https://github.com/rust-lang/crates.io-index)",
]

[[package]]
name = "webpki-roots"
version = "0.17.0"
source = "git+https://github.com/mesalock-linux/webpki-roots?branch=mesalock_sgx#a8598deb6acf78a03ef73879d4e9eb4d375f94cf"
dependencies = [
 "sgx_tstd 1.1.0 (git+https://github.com/apache/teaclave-sgx-sdk.git?rev=v1.1.0)",
 "webpki 0.21.0 (git+https://github.com/mesalock-linux/webpki?branch=mesalock_sgx)",
]

[metadata]
"checksum base64 0.10.1 (git+https://github.com/mesalock-linux/rust-base64-sgx)" = "<none>"
"checksum cc 1.0.48 (registry+https://github.com/rust-lang/crates.io-index)" = "f52a465a666ca3d838ebbf08b241383421412fe7ebb463527bba275526d89f76"
"checksum cfg-if 0.1.10 (registry+https://github.com/rust-lang/crates.io-index)" = "4785bdd1c96b2a846b2bd7cc02e86b6b3dbf14e7e53446c4f54c92a361040822"
"checksum log 0.4.8 (git+https://github.com/mesalock-linux/log-sgx)" = "<none>"
"checksum ring 0.16.9 (git+https://github.com/mesalock-linux/ring-sgx?tag=v0.16.5)" = "<none>"
"checksum rustls 0.16.0 (git+https://github.com/mesalock-linux/rustls?branch=mesalock_sgx)" = "<none>"
"checksum sct 0.6.0 (git+https://github.com/mesalock-linux/sct.rs?branch=mesalock_sgx)" = "<none>"
"checksum sgx_alloc 1.1.0 (git+https://github.com/apache/teaclave-sgx-sdk.git?rev=v1.1.0)" = "<none>"
"checksum sgx_backtrace_sys 1.1.0 (git+https://github.com/apache/teaclave-sgx-sdk.git?rev=v1.1.0)" = "<none>"
"checksum sgx_build_helper 0.1.0 (git+https://github.com/apache/teaclave-sgx-sdk.git?rev=v1.1.0)" = "<none>"
"checksum sgx_demangle 1.1.0 (git+https://github.com/apache/teaclave-sgx-sdk.git?rev=v1.1.0)" = "<none>"
"checksum sgx_libc 1.1.0 (git+https://github.com/apache/teaclave-sgx-sdk.git?rev=v1.1.0)" = "<none>"
"checksum sgx_tcrypto 1.1.0 (git+https://github.com/apache/teaclave-sgx-sdk.git?rev=v1.1.0)" = "<none>"
"checksum sgx_tprotected_fs 1.1.0 (git+https://github.com/apache/teaclave-sgx-sdk.git?rev=v1.1.0)" = "<none>"
"checksum sgx_trts 1.1.0 (git+https://github.com/apache/teaclave-sgx-sdk.git?rev=v1.1.0)" = "<none>"
"checksum sgx_tse 1.1.0 (git+https://github.com/apache/teaclave-sgx-sdk.git?rev=v1.1.0)" = "<none>"
"checksum sgx_tseal 1.1.0 (git+https://github.com/apache/teaclave-sgx-sdk.git?rev=v1.1.0)" = "<none>"
"checksum sgx_tstd 1.1.0 (git+https://github.com/apache/teaclave-sgx-sdk.git?rev=v1.1.0)" = "<none>"
"checksum sgx_types 1.1.0 (git+https://github.com/apache/teaclave-sgx-sdk.git?rev=v1.1.0)" = "<none>"
"checksum sgx_unwind 0.1.0 (git+https://github.com/apache/teaclave-sgx-sdk.git?rev=v1.1.0)" = "<none>"
"checksum spin 0.5.2 (registry+https://github.com/rust-lang/crates.io-index)" = "6e63cff320ae2c57904679ba7cb63280a3dc4613885beafb148ee7bf9aa9042d"
"checksum unicase 2.6.0 (git+https://github.com/mesalock-linux/unicase-sgx)" = "<none>"
"checksum untrusted 0.7.0 (registry+https://github.com/rust-lang/crates.io-index)" = "60369ef7a31de49bcb3f6ca728d4ba7300d9a1658f94c727d4cab8c8d9f4aece"
"checksum version_check 0.9.1 (registry+https://github.com/rust-lang/crates.io-index)" = "078775d0255232fb988e6fccf26ddc9d1ac274299aaedcedce21c6f72cc533ce"
"checksum webpki 0.21.0 (git+https://github.com/mesalock-linux/webpki?branch=mesalock_sgx)" = "<none>"
"checksum webpki-roots 0.17.0 (git+https://github.com/mesalock-linux/webpki-roots?branch=mesalock_sgx)" = "<none>"
